
Microsoft Visual Studio Solution File, Format Version 12.00
# Visual Studio Version 17
VisualStudioVersion = 17.5.33502.453
MinimumVisualStudioVersion = 10.0.40219.1
Project("{FAE04EC0-301F-11D3-BF4B-00C04F79EFBC}") = "TourBookingApp", "TourBookingApp.csproj", "{5F2BE483-977F-4426-84DB-DC8A739825BB}"
EndProject
Global
	GlobalSection(SolutionConfigurationPlatforms) = preSolution
		Debug|Any CPU = Debug|Any CPU
		Release|Any CPU = Release|Any CPU
	EndGlobalSection
	GlobalSection(ProjectConfigurationPlatforms) = postSolution
		{5F2BE483-977F-4426-84DB-DC8A739825BB}.Debug|Any CPU.ActiveCfg = Debug|Any CPU
		{5F2BE483-977F-4426-84DB-DC8A739825BB}.Debug|Any CPU.Build.0 = Debug|Any CPU
		{5F2BE483-977F-4426-84DB-DC8A739825BB}.Release|Any CPU.ActiveCfg = Release|Any CPU
		{5F2BE483-977F-4426-84DB-DC8A739825BB}.Release|Any CPU.Build.0 = Release|Any CPU
	EndGlobalSection
	GlobalSection(SolutionProperties) = preSolution
		HideSolutionNode = FALSE
	EndGlobalSection
	GlobalSection(ExtensibilityGlobals) = postSolution
		SolutionGuid = {BE57AE2E-0D7B-4149-A676-24D0E291416B}
	EndGlobalSection
EndGlobal
