
Microsoft Visual Studio Solution File, Format Version 12.00
# Visual Studio Version 17
VisualStudioVersion = 17.5.33502.453
MinimumVisualStudioVersion = 10.0.40219.1
Project("{9A19103F-16F7-4668-BE54-9A1E7A4F7556}") = "LoginandSignup", "LoginandSignup.csproj", "{2C069FB9-6E9B-4335-9614-931B1DD7420C}"
EndProject
Project("{FAE04EC0-301F-11D3-BF4B-00C04F79EFBC}") = "UserTest", "..\UserTest\UserTest.csproj", "{29C2A776-9164-4FF7-AA7D-1D0C85659E22}"
EndProject
Global
	GlobalSection(SolutionConfigurationPlatforms) = preSolution
		Debug|Any CPU = Debug|Any CPU
		Release|Any CPU = Release|Any CPU
	EndGlobalSection
	GlobalSection(ProjectConfigurationPlatforms) = postSolution
		{2C069FB9-6E9B-4335-9614-931B1DD7420C}.Debug|Any CPU.ActiveCfg = Debug|Any CPU
		{2C069FB9-6E9B-4335-9614-931B1DD7420C}.Debug|Any CPU.Build.0 = Debug|Any CPU
		{2C069FB9-6E9B-4335-9614-931B1DD7420C}.Release|Any CPU.ActiveCfg = Release|Any CPU
		{2C069FB9-6E9B-4335-9614-931B1DD7420C}.Release|Any CPU.Build.0 = Release|Any CPU
		{29C2A776-9164-4FF7-AA7D-1D0C85659E22}.Debug|Any CPU.ActiveCfg = Debug|Any CPU
		{29C2A776-9164-4FF7-AA7D-1D0C85659E22}.Debug|Any CPU.Build.0 = Debug|Any CPU
		{29C2A776-9164-4FF7-AA7D-1D0C85659E22}.Release|Any CPU.ActiveCfg = Release|Any CPU
		{29C2A776-9164-4FF7-AA7D-1D0C85659E22}.Release|Any CPU.Build.0 = Release|Any CPU
	EndGlobalSection
	GlobalSection(SolutionProperties) = preSolution
		HideSolutionNode = FALSE
	EndGlobalSection
	GlobalSection(ExtensibilityGlobals) = postSolution
		SolutionGuid = {138CD51B-43FB-4C03-AF46-CE81BE2F0BA7}
	EndGlobalSection
EndGlobal
